
Microsoft Visual Studio Solution File, Format Version 12.00
# Visual Studio Version 18
VisualStudioVersion = 18.3.11310.294
MinimumVisualStudioVersion = 10.0.40219.1
Project("{FAE04EC0-301F-11D3-BF4B-00C04F79EFBC}") = "API", "API\API.csproj", "{E90E2914-E937-4668-9576-003209500165}"
EndProject
Project("{FAE04EC0-301F-11D3-BF4B-00C04F79EFBC}") = "Domain", "Domain\Domain.csproj", "{0A2C9677-1B01-4DB0-8E97-99E2A6E13161}"
EndProject
Project("{FAE04EC0-301F-11D3-BF4B-00C04F79EFBC}") = "Business", "Business\Business.csproj", "{C666ECE9-0DFF-449D-9EB8-41834ABD92DB}"
EndProject
Project("{FAE04EC0-301F-11D3-BF4B-00C04F79EFBC}") = "Infrastructure", "Infrastructure\Infrastructure.csproj", "{4B5A0A5C-C1D9-46DA-977A-740D80C4F10B}"
EndProject
Project("{2150E333-8FDC-42A3-9474-1A3956D46DE8}") = "Solution Items", "Solution Items", "{4EC55BDD-0D4A-4B70-94E2-6D4A16FA5D85}"
EndProject
Global
	GlobalSection(SolutionConfigurationPlatforms) = preSolution
		Debug|Any CPU = Debug|Any CPU
		Debug|x64 = Debug|x64
		Debug|x86 = Debug|x86
		Release|Any CPU = Release|Any CPU
		Release|x64 = Release|x64
		Release|x86 = Release|x86
	EndGlobalSection
	GlobalSection(ProjectConfigurationPlatforms) = postSolution
		{E90E2914-E937-4668-9576-003209500165}.Debug|Any CPU.ActiveCfg = Debug|Any CPU
		{E90E2914-E937-4668-9576-003209500165}.Debug|Any CPU.Build.0 = Debug|Any CPU
		{E90E2914-E937-4668-9576-003209500165}.Debug|x64.ActiveCfg = Debug|Any CPU
		{E90E2914-E937-4668-9576-003209500165}.Debug|x64.Build.0 = Debug|Any CPU
		{E90E2914-E937-4668-9576-003209500165}.Debug|x86.ActiveCfg = Debug|Any CPU
		{E90E2914-E937-4668-9576-003209500165}.Debug|x86.Build.0 = Debug|Any CPU
		{E90E2914-E937-4668-9576-003209500165}.Release|Any CPU.ActiveCfg = Release|Any CPU
		{E90E2914-E937-4668-9576-003209500165}.Release|Any CPU.Build.0 = Release|Any CPU
		{E90E2914-E937-4668-9576-003209500165}.Release|x64.ActiveCfg = Release|Any CPU
		{E90E2914-E937-4668-9576-003209500165}.Release|x64.Build.0 = Release|Any CPU
		{E90E2914-E937-4668-9576-003209500165}.Release|x86.ActiveCfg = Release|Any CPU
		{E90E2914-E937-4668-9576-003209500165}.Release|x86.Build.0 = Release|Any CPU
		{0A2C9677-1B01-4DB0-8E97-99E2A6E13161}.Debug|Any CPU.ActiveCfg = Debug|Any CPU
		{0A2C9677-1B01-4DB0-8E97-99E2A6E13161}.Debug|Any CPU.Build.0 = Debug|Any CPU
		{0A2C9677-1B01-4DB0-8E97-99E2A6E13161}.Debug|x64.ActiveCfg = Debug|Any CPU
		{0A2C9677-1B01-4DB0-8E97-99E2A6E13161}.Debug|x64.Build.0 = Debug|Any CPU
		{0A2C9677-1B01-4DB0-8E97-99E2A6E13161}.Debug|x86.ActiveCfg = Debug|Any CPU
		{0A2C9677-1B01-4DB0-8E97-99E2A6E13161}.Debug|x86.Build.0 = Debug|Any CPU
		{0A2C9677-1B01-4DB0-8E97-99E2A6E13161}.Release|Any CPU.ActiveCfg = Release|Any CPU
		{0A2C9677-1B01-4DB0-8E97-99E2A6E13161}.Release|Any CPU.Build.0 = Release|Any CPU
		{0A2C9677-1B01-4DB0-8E97-99E2A6E13161}.Release|x64.ActiveCfg = Release|Any CPU
		{0A2C9677-1B01-4DB0-8E97-99E2A6E13161}.Release|x64.Build.0 = Release|Any CPU
		{0A2C9677-1B01-4DB0-8E97-99E2A6E13161}.Release|x86.ActiveCfg = Release|Any CPU
		{0A2C9677-1B01-4DB0-8E97-99E2A6E13161}.Release|x86.Build.0 = Release|Any CPU
		{C666ECE9-0DFF-449D-9EB8-41834ABD92DB}.Debug|Any CPU.ActiveCfg = Debug|Any CPU
		{C666ECE9-0DFF-449D-9EB8-41834ABD92DB}.Debug|Any CPU.Build.0 = Debug|Any CPU
		{C666ECE9-0DFF-449D-9EB8-41834ABD92DB}.Debug|x64.ActiveCfg = Debug|Any CPU
		{C666ECE9-0DFF-449D-9EB8-41834ABD92DB}.Debug|x64.Build.0 = Debug|Any CPU
		{C666ECE9-0DFF-449D-9EB8-41834ABD92DB}.Debug|x86.ActiveCfg = Debug|Any CPU
		{C666ECE9-0DFF-449D-9EB8-41834ABD92DB}.Debug|x86.Build.0 = Debug|Any CPU
		{C666ECE9-0DFF-449D-9EB8-41834ABD92DB}.Release|Any CPU.ActiveCfg = Release|Any CPU
		{C666ECE9-0DFF-449D-9EB8-41834ABD92DB}.Release|Any CPU.Build.0 = Release|Any CPU
		{C666ECE9-0DFF-449D-9EB8-41834ABD92DB}.Release|x64.ActiveCfg = Release|Any CPU
		{C666ECE9-0DFF-449D-9EB8-41834ABD92DB}.Release|x64.Build.0 = Release|Any CPU
		{C666ECE9-0DFF-449D-9EB8-41834ABD92DB}.Release|x86.ActiveCfg = Release|Any CPU
		{C666ECE9-0DFF-449D-9EB8-41834ABD92DB}.Release|x86.Build.0 = Release|Any CPU
		{4B5A0A5C-C1D9-46DA-977A-740D80C4F10B}.Debug|Any CPU.ActiveCfg = Debug|Any CPU
		{4B5A0A5C-C1D9-46DA-977A-740D80C4F10B}.Debug|Any CPU.Build.0 = Debug|Any CPU
		{4B5A0A5C-C1D9-46DA-977A-740D80C4F10B}.Debug|x64.ActiveCfg = Debug|Any CPU
		{4B5A0A5C-C1D9-46DA-977A-740D80C4F10B}.Debug|x64.Build.0 = Debug|Any CPU
		{4B5A0A5C-C1D9-46DA-977A-740D80C4F10B}.Debug|x86.ActiveCfg = Debug|Any CPU
		{4B5A0A5C-C1D9-46DA-977A-740D80C4F10B}.Debug|x86.Build.0 = Debug|Any CPU
		{4B5A0A5C-C1D9-46DA-977A-740D80C4F10B}.Release|Any CPU.ActiveCfg = Release|Any CPU
		{4B5A0A5C-C1D9-46DA-977A-740D80C4F10B}.Release|Any CPU.Build.0 = Release|Any CPU
		{4B5A0A5C-C1D9-46DA-977A-740D80C4F10B}.Release|x64.ActiveCfg = Release|Any CPU
		{4B5A0A5C-C1D9-46DA-977A-740D80C4F10B}.Release|x64.Build.0 = Release|Any CPU
		{4B5A0A5C-C1D9-46DA-977A-740D80C4F10B}.Release|x86.ActiveCfg = Release|Any CPU
		{4B5A0A5C-C1D9-46DA-977A-740D80C4F10B}.Release|x86.Build.0 = Release|Any CPU
	EndGlobalSection
	GlobalSection(SolutionProperties) = preSolution
		HideSolutionNode = FALSE
	EndGlobalSection
	GlobalSection(ExtensibilityGlobals) = postSolution
		SolutionGuid = {DE1BE880-2488-479F-B43D-3D6DF60A4768}
	EndGlobalSection
EndGlobal
